
Microsoft Visual Studio Solution File, Format Version 12.00
# Visual Studio Version 16
VisualStudioVersion = 16.0.32228.343
MinimumVisualStudioVersion = 10.0.40219.1
Project("{FAE04EC0-301F-11D3-BF4B-00C04F79EFBC}") = "ReadProductCompositionProject", "ReadProductCompositionProject\ReadProductCompositionProject.csproj", "{8D30592B-FF13-4526-86D9-4D75DF2CE440}"
EndProject
Global
	GlobalSection(SolutionConfigurationPlatforms) = preSolution
		Debug|Any CPU = Debug|Any CPU
		Release|Any CPU = Release|Any CPU
	EndGlobalSection
	GlobalSection(ProjectConfigurationPlatforms) = postSolution
		{8D30592B-FF13-4526-86D9-4D75DF2CE440}.Debug|Any CPU.ActiveCfg = Debug|Any CPU
		{8D30592B-FF13-4526-86D9-4D75DF2CE440}.Debug|Any CPU.Build.0 = Debug|Any CPU
		{8D30592B-FF13-4526-86D9-4D75DF2CE440}.Release|Any CPU.ActiveCfg = Release|Any CPU
		{8D30592B-FF13-4526-86D9-4D75DF2CE440}.Release|Any CPU.Build.0 = Release|Any CPU
	EndGlobalSection
	GlobalSection(SolutionProperties) = preSolution
		HideSolutionNode = FALSE
	EndGlobalSection
	GlobalSection(ExtensibilityGlobals) = postSolution
		SolutionGuid = {CAE40832-FEA8-49FC-B098-13C9E9EED339}
	EndGlobalSection
EndGlobal
